
Microsoft Visual Studio Solution File, Format Version 12.00
# Visual Studio Version 16
VisualStudioVersion = 25.0.1700.0
MinimumVisualStudioVersion = 10.0.40219.1
Project("{2150E333-8FDC-42A3-9474-1A3956D46DE8}") = "src", "src", "{64E56B6A-53CD-4E68-BC11-1305AD1C72A6}"
EndProject
Project("{2150E333-8FDC-42A3-9474-1A3956D46DE8}") = "tests", "tests", "{E0F0818B-CD8A-4530-8752-AB4335E0A57E}"
EndProject
Project("{FAE04EC0-301F-11D3-BF4B-00C04F79EFBC}") = "ZnAuth.Common", "src\ZnAuth.Common\ZnAuth.Common.csproj", "{2684F895-BBF7-4C38-94BB-53B970D8791A}"
EndProject
Project("{FAE04EC0-301F-11D3-BF4B-00C04F79EFBC}") = "Playground", "src\Playground\Playground.csproj", "{664B688A-98BF-4EFF-9738-1049111F4414}"
EndProject
Project("{FAE04EC0-301F-11D3-BF4B-00C04F79EFBC}") = "ZnAuth.Common.Tests", "tests\ZnAuth.Common.Tests\ZnAuth.Common.Tests.csproj", "{EF7F1F04-AC48-4128-9061-4EBC399D575E}"
EndProject
Global
	GlobalSection(SolutionConfigurationPlatforms) = preSolution
		Debug|Any CPU = Debug|Any CPU
		Release|Any CPU = Release|Any CPU
	EndGlobalSection
	GlobalSection(ProjectConfigurationPlatforms) = postSolution
		{2684F895-BBF7-4C38-94BB-53B970D8791A}.Debug|Any CPU.ActiveCfg = Debug|Any CPU
		{2684F895-BBF7-4C38-94BB-53B970D8791A}.Debug|Any CPU.Build.0 = Debug|Any CPU
		{2684F895-BBF7-4C38-94BB-53B970D8791A}.Release|Any CPU.ActiveCfg = Release|Any CPU
		{2684F895-BBF7-4C38-94BB-53B970D8791A}.Release|Any CPU.Build.0 = Release|Any CPU
		{664B688A-98BF-4EFF-9738-1049111F4414}.Debug|Any CPU.ActiveCfg = Debug|Any CPU
		{664B688A-98BF-4EFF-9738-1049111F4414}.Debug|Any CPU.Build.0 = Debug|Any CPU
		{664B688A-98BF-4EFF-9738-1049111F4414}.Release|Any CPU.ActiveCfg = Release|Any CPU
		{664B688A-98BF-4EFF-9738-1049111F4414}.Release|Any CPU.Build.0 = Release|Any CPU
		{EF7F1F04-AC48-4128-9061-4EBC399D575E}.Debug|Any CPU.ActiveCfg = Debug|Any CPU
		{EF7F1F04-AC48-4128-9061-4EBC399D575E}.Debug|Any CPU.Build.0 = Debug|Any CPU
		{EF7F1F04-AC48-4128-9061-4EBC399D575E}.Release|Any CPU.ActiveCfg = Release|Any CPU
		{EF7F1F04-AC48-4128-9061-4EBC399D575E}.Release|Any CPU.Build.0 = Release|Any CPU
	EndGlobalSection
	GlobalSection(SolutionProperties) = preSolution
		HideSolutionNode = FALSE
	EndGlobalSection
	GlobalSection(ExtensibilityGlobals) = postSolution
		SolutionGuid = {0EDDCF1F-6186-4158-A6FF-C8BD632C5999}
	EndGlobalSection
	GlobalSection(NestedProjects) = preSolution
		{2684F895-BBF7-4C38-94BB-53B970D8791A} = {64E56B6A-53CD-4E68-BC11-1305AD1C72A6}
		{664B688A-98BF-4EFF-9738-1049111F4414} = {64E56B6A-53CD-4E68-BC11-1305AD1C72A6}
		{EF7F1F04-AC48-4128-9061-4EBC399D575E} = {E0F0818B-CD8A-4530-8752-AB4335E0A57E}
	EndGlobalSection
EndGlobal
