
Microsoft Visual Studio Solution File, Format Version 12.00
# Visual Studio Version 16
VisualStudioVersion = 25.0.1700.0
MinimumVisualStudioVersion = 10.0.40219.1
Project("{2150E333-8FDC-42A3-9474-1A3956D46DE8}") = "src", "src", "{64E56B6A-53CD-4E68-BC11-1305AD1C72A6}"
EndProject
Project("{2150E333-8FDC-42A3-9474-1A3956D46DE8}") = "tests", "tests", "{E0F0818B-CD8A-4530-8752-AB4335E0A57E}"
EndProject
Project("{FAE04EC0-301F-11D3-BF4B-00C04F79EFBC}") = "ZnAuth.Common", "src\ZnAuth.Common\ZnAuth.Common.csproj", "{2684F895-BBF7-4C38-94BB-53B970D8791A}"
EndProject
Project("{FAE04EC0-301F-11D3-BF4B-00C04F79EFBC}") = "ZnAuth.Common.Tests", "tests\ZnAuth.Common.Tests\ZnAuth.Common.Tests.csproj", "{EF7F1F04-AC48-4128-9061-4EBC399D575E}"
EndProject
Project("{FAE04EC0-301F-11D3-BF4B-00C04F79EFBC}") = "ZnAuth.FiatShamir", "src\ZnAuth.FiatShamir\ZnAuth.FiatShamir.csproj", "{1FE9FE45-8015-4356-B32C-32C7B0DAC3DB}"
EndProject
Project("{FAE04EC0-301F-11D3-BF4B-00C04F79EFBC}") = "ZnAuth.Schnorr", "src\ZnAuth.Schnorr\ZnAuth.Schnorr.csproj", "{60D6CBB7-5FFF-4A4D-9D80-0A203131BA21}"
EndProject
Project("{FAE04EC0-301F-11D3-BF4B-00C04F79EFBC}") = "ZnAuth.Schnorr.Tests", "tests\ZnAuth.Schnorr.Tests\ZnAuth.Schnorr.Tests.csproj", "{E9DC6E7B-64F3-422C-8411-219EE9B38176}"
EndProject
Global
	GlobalSection(SolutionConfigurationPlatforms) = preSolution
		Debug|Any CPU = Debug|Any CPU
		Release|Any CPU = Release|Any CPU
	EndGlobalSection
	GlobalSection(ProjectConfigurationPlatforms) = postSolution
		{2684F895-BBF7-4C38-94BB-53B970D8791A}.Debug|Any CPU.ActiveCfg = Debug|Any CPU
		{2684F895-BBF7-4C38-94BB-53B970D8791A}.Debug|Any CPU.Build.0 = Debug|Any CPU
		{2684F895-BBF7-4C38-94BB-53B970D8791A}.Release|Any CPU.ActiveCfg = Release|Any CPU
		{2684F895-BBF7-4C38-94BB-53B970D8791A}.Release|Any CPU.Build.0 = Release|Any CPU
		{EF7F1F04-AC48-4128-9061-4EBC399D575E}.Debug|Any CPU.ActiveCfg = Debug|Any CPU
		{EF7F1F04-AC48-4128-9061-4EBC399D575E}.Debug|Any CPU.Build.0 = Debug|Any CPU
		{EF7F1F04-AC48-4128-9061-4EBC399D575E}.Release|Any CPU.ActiveCfg = Release|Any CPU
		{EF7F1F04-AC48-4128-9061-4EBC399D575E}.Release|Any CPU.Build.0 = Release|Any CPU
		{1FE9FE45-8015-4356-B32C-32C7B0DAC3DB}.Debug|Any CPU.ActiveCfg = Debug|Any CPU
		{1FE9FE45-8015-4356-B32C-32C7B0DAC3DB}.Debug|Any CPU.Build.0 = Debug|Any CPU
		{1FE9FE45-8015-4356-B32C-32C7B0DAC3DB}.Release|Any CPU.ActiveCfg = Release|Any CPU
		{1FE9FE45-8015-4356-B32C-32C7B0DAC3DB}.Release|Any CPU.Build.0 = Release|Any CPU
		{60D6CBB7-5FFF-4A4D-9D80-0A203131BA21}.Debug|Any CPU.ActiveCfg = Debug|Any CPU
		{60D6CBB7-5FFF-4A4D-9D80-0A203131BA21}.Debug|Any CPU.Build.0 = Debug|Any CPU
		{60D6CBB7-5FFF-4A4D-9D80-0A203131BA21}.Release|Any CPU.ActiveCfg = Release|Any CPU
		{60D6CBB7-5FFF-4A4D-9D80-0A203131BA21}.Release|Any CPU.Build.0 = Release|Any CPU
		{E9DC6E7B-64F3-422C-8411-219EE9B38176}.Debug|Any CPU.ActiveCfg = Debug|Any CPU
		{E9DC6E7B-64F3-422C-8411-219EE9B38176}.Debug|Any CPU.Build.0 = Debug|Any CPU
		{E9DC6E7B-64F3-422C-8411-219EE9B38176}.Release|Any CPU.ActiveCfg = Release|Any CPU
		{E9DC6E7B-64F3-422C-8411-219EE9B38176}.Release|Any CPU.Build.0 = Release|Any CPU
	EndGlobalSection
	GlobalSection(SolutionProperties) = preSolution
		HideSolutionNode = FALSE
	EndGlobalSection
	GlobalSection(ExtensibilityGlobals) = postSolution
		SolutionGuid = {0EDDCF1F-6186-4158-A6FF-C8BD632C5999}
	EndGlobalSection
	GlobalSection(NestedProjects) = preSolution
		{2684F895-BBF7-4C38-94BB-53B970D8791A} = {64E56B6A-53CD-4E68-BC11-1305AD1C72A6}
		{EF7F1F04-AC48-4128-9061-4EBC399D575E} = {E0F0818B-CD8A-4530-8752-AB4335E0A57E}
		{1FE9FE45-8015-4356-B32C-32C7B0DAC3DB} = {64E56B6A-53CD-4E68-BC11-1305AD1C72A6}
		{60D6CBB7-5FFF-4A4D-9D80-0A203131BA21} = {64E56B6A-53CD-4E68-BC11-1305AD1C72A6}
		{E9DC6E7B-64F3-422C-8411-219EE9B38176} = {E0F0818B-CD8A-4530-8752-AB4335E0A57E}
	EndGlobalSection
EndGlobal
